
Microsoft Visual Studio Solution File, Format Version 12.00
# Visual Studio Version 17
VisualStudioVersion = 17.4.33205.214
MinimumVisualStudioVersion = 10.0.40219.1
Project("{FAE04EC0-301F-11D3-BF4B-00C04F79EFBC}") = "iu", "iu\iu.csproj", "{26C2EF48-A94B-4D2E-8010-C4AD70AABBBE}"
EndProject
Project("{FAE04EC0-301F-11D3-BF4B-00C04F79EFBC}") = "dl", "dl\dl.csproj", "{3793F6F4-4F46-41E4-8B54-D427E4054654}"
EndProject
Project("{FAE04EC0-301F-11D3-BF4B-00C04F79EFBC}") = "bl", "bl\bl.csproj", "{A638C7F9-B7C9-4155-856B-B27AD979993C}"
EndProject
Global
	GlobalSection(SolutionConfigurationPlatforms) = preSolution
		Debug|Any CPU = Debug|Any CPU
		Release|Any CPU = Release|Any CPU
	EndGlobalSection
	GlobalSection(ProjectConfigurationPlatforms) = postSolution
		{26C2EF48-A94B-4D2E-8010-C4AD70AABBBE}.Debug|Any CPU.ActiveCfg = Debug|Any CPU
		{26C2EF48-A94B-4D2E-8010-C4AD70AABBBE}.Debug|Any CPU.Build.0 = Debug|Any CPU
		{26C2EF48-A94B-4D2E-8010-C4AD70AABBBE}.Release|Any CPU.ActiveCfg = Release|Any CPU
		{26C2EF48-A94B-4D2E-8010-C4AD70AABBBE}.Release|Any CPU.Build.0 = Release|Any CPU
		{3793F6F4-4F46-41E4-8B54-D427E4054654}.Debug|Any CPU.ActiveCfg = Debug|Any CPU
		{3793F6F4-4F46-41E4-8B54-D427E4054654}.Debug|Any CPU.Build.0 = Debug|Any CPU
		{3793F6F4-4F46-41E4-8B54-D427E4054654}.Release|Any CPU.ActiveCfg = Release|Any CPU
		{3793F6F4-4F46-41E4-8B54-D427E4054654}.Release|Any CPU.Build.0 = Release|Any CPU
		{A638C7F9-B7C9-4155-856B-B27AD979993C}.Debug|Any CPU.ActiveCfg = Debug|Any CPU
		{A638C7F9-B7C9-4155-856B-B27AD979993C}.Debug|Any CPU.Build.0 = Debug|Any CPU
		{A638C7F9-B7C9-4155-856B-B27AD979993C}.Release|Any CPU.ActiveCfg = Release|Any CPU
		{A638C7F9-B7C9-4155-856B-B27AD979993C}.Release|Any CPU.Build.0 = Release|Any CPU
	EndGlobalSection
	GlobalSection(SolutionProperties) = preSolution
		HideSolutionNode = FALSE
	EndGlobalSection
	GlobalSection(ExtensibilityGlobals) = postSolution
		SolutionGuid = {6ED16FA9-7631-4CAC-9211-DDAB3D9801A2}
	EndGlobalSection
EndGlobal
